
Microsoft Visual Studio Solution File, Format Version 12.00
# Visual Studio Version 17
VisualStudioVersion = 17.9.34902.65
MinimumVisualStudioVersion = 10.0.40219.1
Project("{FAE04EC0-301F-11D3-BF4B-00C04F79EFBC}") = "CouseWork", "CouseWork\CouseWork.csproj", "{C553237C-F507-462C-A537-2EEF8FA25740}"
EndProject
Global
	GlobalSection(SolutionConfigurationPlatforms) = preSolution
		Debug|Any CPU = Debug|Any CPU
		Release|Any CPU = Release|Any CPU
	EndGlobalSection
	GlobalSection(ProjectConfigurationPlatforms) = postSolution
		{C553237C-F507-462C-A537-2EEF8FA25740}.Debug|Any CPU.ActiveCfg = Debug|Any CPU
		{C553237C-F507-462C-A537-2EEF8FA25740}.Debug|Any CPU.Build.0 = Debug|Any CPU
		{C553237C-F507-462C-A537-2EEF8FA25740}.Release|Any CPU.ActiveCfg = Release|Any CPU
		{C553237C-F507-462C-A537-2EEF8FA25740}.Release|Any CPU.Build.0 = Release|Any CPU
	EndGlobalSection
	GlobalSection(SolutionProperties) = preSolution
		HideSolutionNode = FALSE
	EndGlobalSection
	GlobalSection(ExtensibilityGlobals) = postSolution
		SolutionGuid = {B2633CEC-2907-4305-B48B-0BF0E7DE204A}
	EndGlobalSection
EndGlobal
